
Microsoft Visual Studio Solution File, Format Version 12.00
# Visual Studio Version 16
VisualStudioVersion = 16.0.31410.357
MinimumVisualStudioVersion = 10.0.40219.1
Project("{FAE04EC0-301F-11D3-BF4B-00C04F79EFBC}") = "Proekt", "Proekt\Proekt.csproj", "{5C6D4224-1177-4044-A8DE-0BD1D1B7857B}"
EndProject
Global
	GlobalSection(SolutionConfigurationPlatforms) = preSolution
		Debug|Any CPU = Debug|Any CPU
		Release|Any CPU = Release|Any CPU
	EndGlobalSection
	GlobalSection(ProjectConfigurationPlatforms) = postSolution
		{5C6D4224-1177-4044-A8DE-0BD1D1B7857B}.Debug|Any CPU.ActiveCfg = Debug|Any CPU
		{5C6D4224-1177-4044-A8DE-0BD1D1B7857B}.Debug|Any CPU.Build.0 = Debug|Any CPU
		{5C6D4224-1177-4044-A8DE-0BD1D1B7857B}.Release|Any CPU.ActiveCfg = Release|Any CPU
		{5C6D4224-1177-4044-A8DE-0BD1D1B7857B}.Release|Any CPU.Build.0 = Release|Any CPU
	EndGlobalSection
	GlobalSection(SolutionProperties) = preSolution
		HideSolutionNode = FALSE
	EndGlobalSection
	GlobalSection(ExtensibilityGlobals) = postSolution
		SolutionGuid = {3D6BC383-5A69-4BA0-B981-FF3C7897A429}
	EndGlobalSection
EndGlobal
